
Microsoft Visual Studio Solution File, Format Version 12.00
# Visual Studio Version 17
VisualStudioVersion = 17.11.35005.142
MinimumVisualStudioVersion = 10.0.40219.1
Project("{2150E333-8FDC-42A3-9474-1A3956D46DE8}") = "GraphQL", "GraphQL", "{CDFB11FA-CD1B-4AF3-892D-50E9C3ABBAE4}"
EndProject
Project("{9A19103F-16F7-4668-BE54-9A1E7A4F7556}") = "DotNet8.Packages.GraphQL", "DotNet8.Packages.GraphQL\DotNet8.Packages.GraphQL.csproj", "{CB4112A7-5D5B-40FF-A3FF-057ACF61F654}"
EndProject
Project("{2150E333-8FDC-42A3-9474-1A3956D46DE8}") = "Shared", "Shared", "{3CF995EE-F306-43DF-B41B-239310C1A66D}"
EndProject
Project("{9A19103F-16F7-4668-BE54-9A1E7A4F7556}") = "DotNet8.Packages.Shared", "DotNet8.Packages.Shared\DotNet8.Packages.Shared.csproj", "{A8944AAB-68DD-4D3B-B0B7-EF11B9ABF251}"
EndProject
Project("{9A19103F-16F7-4668-BE54-9A1E7A4F7556}") = "DotNet8.Packages.DbService", "DotNet8.Packages.DbService\DotNet8.Packages.DbService.csproj", "{ED3F7301-4B99-4CBE-AB98-44A931F0E4B1}"
EndProject
Project("{9A19103F-16F7-4668-BE54-9A1E7A4F7556}") = "DotNet8.Packages.DTOs", "DotNet8.Packages.DTOs\DotNet8.Packages.DTOs.csproj", "{0A8BC47A-A5AA-4F76-AA4A-BEC83421517C}"
EndProject
Project("{9A19103F-16F7-4668-BE54-9A1E7A4F7556}") = "DotNet8.Packages.Extensions", "DotNet8.Packages.Extensions\DotNet8.Packages.Extensions.csproj", "{CB61FF97-7A57-4F7C-B354-4FBE5723E018}"
EndProject
Project("{2150E333-8FDC-42A3-9474-1A3956D46DE8}") = "FluentValidation", "FluentValidation", "{E4D3AAA4-E848-451D-BAD1-10AFC1879302}"
EndProject
Project("{9A19103F-16F7-4668-BE54-9A1E7A4F7556}") = "DotNet8.Packages.FluentValidation", "DotNet8.Packages.FluentValidation\DotNet8.Packages.FluentValidation.csproj", "{5AACD23F-FA25-4ED9-A9BE-8A4329E32AF2}"
EndProject
Project("{2150E333-8FDC-42A3-9474-1A3956D46DE8}") = "AutoMapper", "AutoMapper", "{4F943A89-20C4-4783-B2F8-1F4F4303A1A4}"
EndProject
Project("{9A19103F-16F7-4668-BE54-9A1E7A4F7556}") = "DotNet8.Packages.AutoMapper", "DotNet8.Packages.AutoMapper\DotNet8.Packages.AutoMapper.csproj", "{7D02EF5A-526D-4E07-8D02-AF3DC8D3FE2C}"
EndProject
Project("{2150E333-8FDC-42A3-9474-1A3956D46DE8}") = "Dumpify", "Dumpify", "{E45446A5-B6AC-4A57-ABDF-EBB8944F7009}"
EndProject
Project("{9A19103F-16F7-4668-BE54-9A1E7A4F7556}") = "DotNet8.Packages.Dumpify", "DotNet8.Packages.Dumpify\DotNet8.Packages.Dumpify.csproj", "{DA4F2810-1595-4CA1-A823-2B669269D05D}"
EndProject
Project("{2150E333-8FDC-42A3-9474-1A3956D46DE8}") = "FluentEmail", "FluentEmail", "{D151445C-4BAA-4F08-8B09-14E29EF55C0E}"
EndProject
Project("{9A19103F-16F7-4668-BE54-9A1E7A4F7556}") = "DotNet8.Packages.FluentEmail", "DotNet8.Packages.FluentEmail\DotNet8.Packages.FluentEmail.csproj", "{8ECC91F3-E308-4895-8A9B-5AE56F645A12}"
EndProject
Project("{2150E333-8FDC-42A3-9474-1A3956D46DE8}") = "NewtonSoft", "NewtonSoft", "{C96CA9EB-30A8-4058-AA1E-EFFB5C4C7F32}"
EndProject
Project("{FAE04EC0-301F-11D3-BF4B-00C04F79EFBC}") = "DotNet8.Packages.NewtonSoft", "DotNet8.Packages.NewtonSoft\DotNet8.Packages.NewtonSoft.csproj", "{2D1AD323-1E36-41AE-8659-24513F80F3CB}"
EndProject
Project("{2150E333-8FDC-42A3-9474-1A3956D46DE8}") = "FluentFtp", "FluentFtp", "{F83F6AF7-33D7-4C6A-89DB-E6744C9DF55A}"
EndProject
Project("{FAE04EC0-301F-11D3-BF4B-00C04F79EFBC}") = "DotNet8.Packages.FluentFtp", "DotNet8.Packages.FluentFtp\DotNet8.Packages.FluentFtp.csproj", "{B531FA48-B51D-4B6F-925D-0418A77478DA}"
EndProject
Project("{2150E333-8FDC-42A3-9474-1A3956D46DE8}") = "Sieve", "Sieve", "{092ED6D9-972D-4931-8760-0E0B2C0A07F1}"
EndProject
Project("{FAE04EC0-301F-11D3-BF4B-00C04F79EFBC}") = "DotNet8.Packages.Sieve", "DotNet8.Packages.Sieve\DotNet8.Packages.Sieve.csproj", "{109C8983-454A-4C34-AD5C-57CE0882B531}"
EndProject
Project("{2150E333-8FDC-42A3-9474-1A3956D46DE8}") = "DrinkToPdf", "DrinkToPdf", "{CD7194AD-045E-4BE4-96FE-CAD9583184A9}"
EndProject
Project("{FAE04EC0-301F-11D3-BF4B-00C04F79EFBC}") = "DotNet8.Packages.DrinkToPdf", "DotNet8.Packages.DrinkToPdf\DotNet8.Packages.DrinkToPdf.csproj", "{B8259338-09CD-4C55-9160-4D4C05C60E24}"
EndProject
Global
	GlobalSection(SolutionConfigurationPlatforms) = preSolution
		Debug|Any CPU = Debug|Any CPU
		Release|Any CPU = Release|Any CPU
	EndGlobalSection
	GlobalSection(ProjectConfigurationPlatforms) = postSolution
		{CB4112A7-5D5B-40FF-A3FF-057ACF61F654}.Debug|Any CPU.ActiveCfg = Debug|Any CPU
		{CB4112A7-5D5B-40FF-A3FF-057ACF61F654}.Debug|Any CPU.Build.0 = Debug|Any CPU
		{CB4112A7-5D5B-40FF-A3FF-057ACF61F654}.Release|Any CPU.ActiveCfg = Release|Any CPU
		{CB4112A7-5D5B-40FF-A3FF-057ACF61F654}.Release|Any CPU.Build.0 = Release|Any CPU
		{A8944AAB-68DD-4D3B-B0B7-EF11B9ABF251}.Debug|Any CPU.ActiveCfg = Debug|Any CPU
		{A8944AAB-68DD-4D3B-B0B7-EF11B9ABF251}.Debug|Any CPU.Build.0 = Debug|Any CPU
		{A8944AAB-68DD-4D3B-B0B7-EF11B9ABF251}.Release|Any CPU.ActiveCfg = Release|Any CPU
		{A8944AAB-68DD-4D3B-B0B7-EF11B9ABF251}.Release|Any CPU.Build.0 = Release|Any CPU
		{ED3F7301-4B99-4CBE-AB98-44A931F0E4B1}.Debug|Any CPU.ActiveCfg = Debug|Any CPU
		{ED3F7301-4B99-4CBE-AB98-44A931F0E4B1}.Debug|Any CPU.Build.0 = Debug|Any CPU
		{ED3F7301-4B99-4CBE-AB98-44A931F0E4B1}.Release|Any CPU.ActiveCfg = Release|Any CPU
		{ED3F7301-4B99-4CBE-AB98-44A931F0E4B1}.Release|Any CPU.Build.0 = Release|Any CPU
		{0A8BC47A-A5AA-4F76-AA4A-BEC83421517C}.Debug|Any CPU.ActiveCfg = Debug|Any CPU
		{0A8BC47A-A5AA-4F76-AA4A-BEC83421517C}.Debug|Any CPU.Build.0 = Debug|Any CPU
		{0A8BC47A-A5AA-4F76-AA4A-BEC83421517C}.Release|Any CPU.ActiveCfg = Release|Any CPU
		{0A8BC47A-A5AA-4F76-AA4A-BEC83421517C}.Release|Any CPU.Build.0 = Release|Any CPU
		{CB61FF97-7A57-4F7C-B354-4FBE5723E018}.Debug|Any CPU.ActiveCfg = Debug|Any CPU
		{CB61FF97-7A57-4F7C-B354-4FBE5723E018}.Debug|Any CPU.Build.0 = Debug|Any CPU
		{CB61FF97-7A57-4F7C-B354-4FBE5723E018}.Release|Any CPU.ActiveCfg = Release|Any CPU
		{CB61FF97-7A57-4F7C-B354-4FBE5723E018}.Release|Any CPU.Build.0 = Release|Any CPU
		{5AACD23F-FA25-4ED9-A9BE-8A4329E32AF2}.Debug|Any CPU.ActiveCfg = Debug|Any CPU
		{5AACD23F-FA25-4ED9-A9BE-8A4329E32AF2}.Debug|Any CPU.Build.0 = Debug|Any CPU
		{5AACD23F-FA25-4ED9-A9BE-8A4329E32AF2}.Release|Any CPU.ActiveCfg = Release|Any CPU
		{5AACD23F-FA25-4ED9-A9BE-8A4329E32AF2}.Release|Any CPU.Build.0 = Release|Any CPU
		{7D02EF5A-526D-4E07-8D02-AF3DC8D3FE2C}.Debug|Any CPU.ActiveCfg = Debug|Any CPU
		{7D02EF5A-526D-4E07-8D02-AF3DC8D3FE2C}.Debug|Any CPU.Build.0 = Debug|Any CPU
		{7D02EF5A-526D-4E07-8D02-AF3DC8D3FE2C}.Release|Any CPU.ActiveCfg = Release|Any CPU
		{7D02EF5A-526D-4E07-8D02-AF3DC8D3FE2C}.Release|Any CPU.Build.0 = Release|Any CPU
		{DA4F2810-1595-4CA1-A823-2B669269D05D}.Debug|Any CPU.ActiveCfg = Debug|Any CPU
		{DA4F2810-1595-4CA1-A823-2B669269D05D}.Debug|Any CPU.Build.0 = Debug|Any CPU
		{DA4F2810-1595-4CA1-A823-2B669269D05D}.Release|Any CPU.ActiveCfg = Release|Any CPU
		{DA4F2810-1595-4CA1-A823-2B669269D05D}.Release|Any CPU.Build.0 = Release|Any CPU
		{8ECC91F3-E308-4895-8A9B-5AE56F645A12}.Debug|Any CPU.ActiveCfg = Debug|Any CPU
		{8ECC91F3-E308-4895-8A9B-5AE56F645A12}.Debug|Any CPU.Build.0 = Debug|Any CPU
		{8ECC91F3-E308-4895-8A9B-5AE56F645A12}.Release|Any CPU.ActiveCfg = Release|Any CPU
		{8ECC91F3-E308-4895-8A9B-5AE56F645A12}.Release|Any CPU.Build.0 = Release|Any CPU
		{2D1AD323-1E36-41AE-8659-24513F80F3CB}.Debug|Any CPU.ActiveCfg = Debug|Any CPU
		{2D1AD323-1E36-41AE-8659-24513F80F3CB}.Debug|Any CPU.Build.0 = Debug|Any CPU
		{2D1AD323-1E36-41AE-8659-24513F80F3CB}.Release|Any CPU.ActiveCfg = Release|Any CPU
		{2D1AD323-1E36-41AE-8659-24513F80F3CB}.Release|Any CPU.Build.0 = Release|Any CPU
		{B531FA48-B51D-4B6F-925D-0418A77478DA}.Debug|Any CPU.ActiveCfg = Debug|Any CPU
		{B531FA48-B51D-4B6F-925D-0418A77478DA}.Debug|Any CPU.Build.0 = Debug|Any CPU
		{B531FA48-B51D-4B6F-925D-0418A77478DA}.Release|Any CPU.ActiveCfg = Release|Any CPU
		{B531FA48-B51D-4B6F-925D-0418A77478DA}.Release|Any CPU.Build.0 = Release|Any CPU
		{109C8983-454A-4C34-AD5C-57CE0882B531}.Debug|Any CPU.ActiveCfg = Debug|Any CPU
		{109C8983-454A-4C34-AD5C-57CE0882B531}.Debug|Any CPU.Build.0 = Debug|Any CPU
		{109C8983-454A-4C34-AD5C-57CE0882B531}.Release|Any CPU.ActiveCfg = Release|Any CPU
		{109C8983-454A-4C34-AD5C-57CE0882B531}.Release|Any CPU.Build.0 = Release|Any CPU
		{B8259338-09CD-4C55-9160-4D4C05C60E24}.Debug|Any CPU.ActiveCfg = Debug|Any CPU
		{B8259338-09CD-4C55-9160-4D4C05C60E24}.Debug|Any CPU.Build.0 = Debug|Any CPU
		{B8259338-09CD-4C55-9160-4D4C05C60E24}.Release|Any CPU.ActiveCfg = Release|Any CPU
		{B8259338-09CD-4C55-9160-4D4C05C60E24}.Release|Any CPU.Build.0 = Release|Any CPU
	EndGlobalSection
	GlobalSection(SolutionProperties) = preSolution
		HideSolutionNode = FALSE
	EndGlobalSection
	GlobalSection(NestedProjects) = preSolution
		{CB4112A7-5D5B-40FF-A3FF-057ACF61F654} = {CDFB11FA-CD1B-4AF3-892D-50E9C3ABBAE4}
		{A8944AAB-68DD-4D3B-B0B7-EF11B9ABF251} = {3CF995EE-F306-43DF-B41B-239310C1A66D}
		{ED3F7301-4B99-4CBE-AB98-44A931F0E4B1} = {3CF995EE-F306-43DF-B41B-239310C1A66D}
		{0A8BC47A-A5AA-4F76-AA4A-BEC83421517C} = {3CF995EE-F306-43DF-B41B-239310C1A66D}
		{CB61FF97-7A57-4F7C-B354-4FBE5723E018} = {3CF995EE-F306-43DF-B41B-239310C1A66D}
		{5AACD23F-FA25-4ED9-A9BE-8A4329E32AF2} = {E4D3AAA4-E848-451D-BAD1-10AFC1879302}
		{7D02EF5A-526D-4E07-8D02-AF3DC8D3FE2C} = {4F943A89-20C4-4783-B2F8-1F4F4303A1A4}
		{DA4F2810-1595-4CA1-A823-2B669269D05D} = {E45446A5-B6AC-4A57-ABDF-EBB8944F7009}
		{8ECC91F3-E308-4895-8A9B-5AE56F645A12} = {D151445C-4BAA-4F08-8B09-14E29EF55C0E}
		{2D1AD323-1E36-41AE-8659-24513F80F3CB} = {C96CA9EB-30A8-4058-AA1E-EFFB5C4C7F32}
		{B531FA48-B51D-4B6F-925D-0418A77478DA} = {F83F6AF7-33D7-4C6A-89DB-E6744C9DF55A}
		{109C8983-454A-4C34-AD5C-57CE0882B531} = {092ED6D9-972D-4931-8760-0E0B2C0A07F1}
		{B8259338-09CD-4C55-9160-4D4C05C60E24} = {CD7194AD-045E-4BE4-96FE-CAD9583184A9}
	EndGlobalSection
	GlobalSection(ExtensibilityGlobals) = postSolution
		SolutionGuid = {D2EFEF06-B0BD-48B6-8936-C3534C97DAC3}
	EndGlobalSection
EndGlobal
